
Microsoft Visual Studio Solution File, Format Version 12.00
Project("{F2A71F9B-5D33-465A-A702-920D77279786}") = "FSharpDependencyInjection.Domain", "FSharpDependencyInjection.Domain\FSharpDependencyInjection.Domain.fsproj", "{5A9A1C2D-26EB-4A8D-BF79-264F5C834F5B}"
EndProject
Project("{F2A71F9B-5D33-465A-A702-920D77279786}") = "FSharpDependencyInjection.FreeMonad", "FSharpDependencyInjection.FreeMonad\FSharpDependencyInjection.FreeMonad.fsproj", "{6FEDBB3E-52BB-4D9D-B3CE-DC17D7B3434A}"
EndProject
Project("{F2A71F9B-5D33-465A-A702-920D77279786}") = "FSharpDependencyInjection.Composition", "FSharpDependencyInjection.Composition\FSharpDependencyInjection.Composition.fsproj", "{4E4A4037-F0EB-4E6D-9A54-97D92FC34C68}"
EndProject
Project("{F2A71F9B-5D33-465A-A702-920D77279786}") = "FSharpDependencyInjection.Container", "FSharpDependencyInjection.Container\FSharpDependencyInjection.Container.fsproj", "{B7A71B4D-3779-4750-8B18-888C5304746E}"
EndProject
Project("{F2A71F9B-5D33-465A-A702-920D77279786}") = "FSharpDependencyInjection.Test", "FSharpDependencyInjection.Test\FSharpDependencyInjection.Test.fsproj", "{7580D448-5B40-4040-AED0-378FA76D901B}"
EndProject
Global
	GlobalSection(SolutionConfigurationPlatforms) = preSolution
		Debug|Any CPU = Debug|Any CPU
		Release|Any CPU = Release|Any CPU
	EndGlobalSection
	GlobalSection(ProjectConfigurationPlatforms) = postSolution
		{5A9A1C2D-26EB-4A8D-BF79-264F5C834F5B}.Debug|Any CPU.ActiveCfg = Debug|Any CPU
		{5A9A1C2D-26EB-4A8D-BF79-264F5C834F5B}.Debug|Any CPU.Build.0 = Debug|Any CPU
		{5A9A1C2D-26EB-4A8D-BF79-264F5C834F5B}.Release|Any CPU.ActiveCfg = Release|Any CPU
		{5A9A1C2D-26EB-4A8D-BF79-264F5C834F5B}.Release|Any CPU.Build.0 = Release|Any CPU
		{6FEDBB3E-52BB-4D9D-B3CE-DC17D7B3434A}.Debug|Any CPU.ActiveCfg = Debug|Any CPU
		{6FEDBB3E-52BB-4D9D-B3CE-DC17D7B3434A}.Debug|Any CPU.Build.0 = Debug|Any CPU
		{6FEDBB3E-52BB-4D9D-B3CE-DC17D7B3434A}.Release|Any CPU.ActiveCfg = Release|Any CPU
		{6FEDBB3E-52BB-4D9D-B3CE-DC17D7B3434A}.Release|Any CPU.Build.0 = Release|Any CPU
		{4E4A4037-F0EB-4E6D-9A54-97D92FC34C68}.Debug|Any CPU.ActiveCfg = Debug|Any CPU
		{4E4A4037-F0EB-4E6D-9A54-97D92FC34C68}.Debug|Any CPU.Build.0 = Debug|Any CPU
		{4E4A4037-F0EB-4E6D-9A54-97D92FC34C68}.Release|Any CPU.ActiveCfg = Release|Any CPU
		{4E4A4037-F0EB-4E6D-9A54-97D92FC34C68}.Release|Any CPU.Build.0 = Release|Any CPU
		{B7A71B4D-3779-4750-8B18-888C5304746E}.Debug|Any CPU.ActiveCfg = Debug|Any CPU
		{B7A71B4D-3779-4750-8B18-888C5304746E}.Debug|Any CPU.Build.0 = Debug|Any CPU
		{B7A71B4D-3779-4750-8B18-888C5304746E}.Release|Any CPU.ActiveCfg = Release|Any CPU
		{B7A71B4D-3779-4750-8B18-888C5304746E}.Release|Any CPU.Build.0 = Release|Any CPU
		{7580D448-5B40-4040-AED0-378FA76D901B}.Debug|Any CPU.ActiveCfg = Debug|Any CPU
		{7580D448-5B40-4040-AED0-378FA76D901B}.Debug|Any CPU.Build.0 = Debug|Any CPU
		{7580D448-5B40-4040-AED0-378FA76D901B}.Release|Any CPU.ActiveCfg = Release|Any CPU
		{7580D448-5B40-4040-AED0-378FA76D901B}.Release|Any CPU.Build.0 = Release|Any CPU
	EndGlobalSection
EndGlobal
